
Microsoft Visual Studio Solution File, Format Version 12.00
# Visual Studio Version 17
VisualStudioVersion = 17.1.32407.343
MinimumVisualStudioVersion = 10.0.40219.1
Project("{9A19103F-16F7-4668-BE54-9A1E7A4F7556}") = "DataAccess.EntityFramework", "Abstrations\DataAccess\DataAccess.EntityFramework\DataAccess.EntityFramework.csproj", "{565E39EB-BC3E-4CCE-BA77-B8709864E015}"
EndProject
Project("{9A19103F-16F7-4668-BE54-9A1E7A4F7556}") = "DependencyInjection", "Abstrations\DependencyInjection\DependencyInjection\DependencyInjection.csproj", "{C572A9E8-45F2-4982-9296-69C5B08E2222}"
EndProject
Project("{2150E333-8FDC-42A3-9474-1A3956D46DE8}") = "Abstrations", "Abstrations", "{E4ADCDAD-EAEE-4A2B-BC4E-ABBF6D1ABC64}"
EndProject
Project("{9A19103F-16F7-4668-BE54-9A1E7A4F7556}") = "UserInfoFramework", "Abstrations\Frameworks\InfoFramework\UserInfoFramework.csproj", "{F959081D-E7A8-49A3-AF5F-D65222F66D5E}"
EndProject
Project("{9A19103F-16F7-4668-BE54-9A1E7A4F7556}") = "Extensions", "Abstrations\Extensions\Extensions.csproj", "{078EBB86-3E18-4825-8F9C-6A2F1CF92DE5}"
EndProject
Project("{2150E333-8FDC-42A3-9474-1A3956D46DE8}") = "Client", "Client", "{004489B4-6EED-4607-864E-782EF0461045}"
EndProject
Project("{9A19103F-16F7-4668-BE54-9A1E7A4F7556}") = "WpfClientApp", "Client\WpfClientApp\WpfClientApp.csproj", "{5697926F-1EFA-41D1-926D-5630764BE7AB}"
EndProject
Project("{9A19103F-16F7-4668-BE54-9A1E7A4F7556}") = "Modularization", "Abstrations\Modularization\Modularization\Modularization.csproj", "{46BA13B4-BD5E-4D63-B442-3C131C4B9AE0}"
EndProject
Project("{9A19103F-16F7-4668-BE54-9A1E7A4F7556}") = "Hosting.ReactiveUI", "Abstrations\Hosting\Hosting.ReactiveUI\Hosting.ReactiveUI.csproj", "{24C7532E-C1E5-4EA6-9843-3C1B2FD61B0E}"
EndProject
Project("{9A19103F-16F7-4668-BE54-9A1E7A4F7556}") = "UIFramework", "Abstrations\Frameworks\UIFramework\UIFramework\UIFramework.csproj", "{6959CA4A-06B8-4660-B3A0-953BF3090D76}"
EndProject
Project("{2150E333-8FDC-42A3-9474-1A3956D46DE8}") = "Frameworks", "Frameworks", "{A12E3BA7-97B1-453D-874A-231122CC36E1}"
EndProject
Project("{2150E333-8FDC-42A3-9474-1A3956D46DE8}") = "Features", "Features", "{50577855-4729-4B4B-B64C-A0AC7AADA021}"
EndProject
Project("{2150E333-8FDC-42A3-9474-1A3956D46DE8}") = "UserViewer", "UserViewer", "{2BA28F40-3028-44F9-A053-88E9D1447051}"
EndProject
Project("{FAE04EC0-301F-11D3-BF4B-00C04F79EFBC}") = "UserViewer", "UserViewer\UserViewer.csproj", "{6A38C4F7-1448-49A6-9CEB-3D3B6AB4349F}"
EndProject
Global
	GlobalSection(SolutionConfigurationPlatforms) = preSolution
		Debug|Any CPU = Debug|Any CPU
		Release|Any CPU = Release|Any CPU
	EndGlobalSection
	GlobalSection(ProjectConfigurationPlatforms) = postSolution
		{565E39EB-BC3E-4CCE-BA77-B8709864E015}.Debug|Any CPU.ActiveCfg = Debug|Any CPU
		{565E39EB-BC3E-4CCE-BA77-B8709864E015}.Debug|Any CPU.Build.0 = Debug|Any CPU
		{565E39EB-BC3E-4CCE-BA77-B8709864E015}.Release|Any CPU.ActiveCfg = Release|Any CPU
		{565E39EB-BC3E-4CCE-BA77-B8709864E015}.Release|Any CPU.Build.0 = Release|Any CPU
		{C572A9E8-45F2-4982-9296-69C5B08E2222}.Debug|Any CPU.ActiveCfg = Debug|Any CPU
		{C572A9E8-45F2-4982-9296-69C5B08E2222}.Debug|Any CPU.Build.0 = Debug|Any CPU
		{C572A9E8-45F2-4982-9296-69C5B08E2222}.Release|Any CPU.ActiveCfg = Release|Any CPU
		{C572A9E8-45F2-4982-9296-69C5B08E2222}.Release|Any CPU.Build.0 = Release|Any CPU
		{F959081D-E7A8-49A3-AF5F-D65222F66D5E}.Debug|Any CPU.ActiveCfg = Debug|Any CPU
		{F959081D-E7A8-49A3-AF5F-D65222F66D5E}.Debug|Any CPU.Build.0 = Debug|Any CPU
		{F959081D-E7A8-49A3-AF5F-D65222F66D5E}.Release|Any CPU.ActiveCfg = Release|Any CPU
		{F959081D-E7A8-49A3-AF5F-D65222F66D5E}.Release|Any CPU.Build.0 = Release|Any CPU
		{078EBB86-3E18-4825-8F9C-6A2F1CF92DE5}.Debug|Any CPU.ActiveCfg = Debug|Any CPU
		{078EBB86-3E18-4825-8F9C-6A2F1CF92DE5}.Debug|Any CPU.Build.0 = Debug|Any CPU
		{078EBB86-3E18-4825-8F9C-6A2F1CF92DE5}.Release|Any CPU.ActiveCfg = Release|Any CPU
		{078EBB86-3E18-4825-8F9C-6A2F1CF92DE5}.Release|Any CPU.Build.0 = Release|Any CPU
		{5697926F-1EFA-41D1-926D-5630764BE7AB}.Debug|Any CPU.ActiveCfg = Debug|Any CPU
		{5697926F-1EFA-41D1-926D-5630764BE7AB}.Debug|Any CPU.Build.0 = Debug|Any CPU
		{5697926F-1EFA-41D1-926D-5630764BE7AB}.Release|Any CPU.ActiveCfg = Release|Any CPU
		{5697926F-1EFA-41D1-926D-5630764BE7AB}.Release|Any CPU.Build.0 = Release|Any CPU
		{46BA13B4-BD5E-4D63-B442-3C131C4B9AE0}.Debug|Any CPU.ActiveCfg = Debug|Any CPU
		{46BA13B4-BD5E-4D63-B442-3C131C4B9AE0}.Debug|Any CPU.Build.0 = Debug|Any CPU
		{46BA13B4-BD5E-4D63-B442-3C131C4B9AE0}.Release|Any CPU.ActiveCfg = Release|Any CPU
		{46BA13B4-BD5E-4D63-B442-3C131C4B9AE0}.Release|Any CPU.Build.0 = Release|Any CPU
		{24C7532E-C1E5-4EA6-9843-3C1B2FD61B0E}.Debug|Any CPU.ActiveCfg = Debug|Any CPU
		{24C7532E-C1E5-4EA6-9843-3C1B2FD61B0E}.Debug|Any CPU.Build.0 = Debug|Any CPU
		{24C7532E-C1E5-4EA6-9843-3C1B2FD61B0E}.Release|Any CPU.ActiveCfg = Release|Any CPU
		{24C7532E-C1E5-4EA6-9843-3C1B2FD61B0E}.Release|Any CPU.Build.0 = Release|Any CPU
		{6959CA4A-06B8-4660-B3A0-953BF3090D76}.Debug|Any CPU.ActiveCfg = Debug|Any CPU
		{6959CA4A-06B8-4660-B3A0-953BF3090D76}.Debug|Any CPU.Build.0 = Debug|Any CPU
		{6959CA4A-06B8-4660-B3A0-953BF3090D76}.Release|Any CPU.ActiveCfg = Release|Any CPU
		{6959CA4A-06B8-4660-B3A0-953BF3090D76}.Release|Any CPU.Build.0 = Release|Any CPU
		{6A38C4F7-1448-49A6-9CEB-3D3B6AB4349F}.Debug|Any CPU.ActiveCfg = Debug|Any CPU
		{6A38C4F7-1448-49A6-9CEB-3D3B6AB4349F}.Debug|Any CPU.Build.0 = Debug|Any CPU
		{6A38C4F7-1448-49A6-9CEB-3D3B6AB4349F}.Release|Any CPU.ActiveCfg = Release|Any CPU
		{6A38C4F7-1448-49A6-9CEB-3D3B6AB4349F}.Release|Any CPU.Build.0 = Release|Any CPU
	EndGlobalSection
	GlobalSection(SolutionProperties) = preSolution
		HideSolutionNode = FALSE
	EndGlobalSection
	GlobalSection(NestedProjects) = preSolution
		{565E39EB-BC3E-4CCE-BA77-B8709864E015} = {A12E3BA7-97B1-453D-874A-231122CC36E1}
		{C572A9E8-45F2-4982-9296-69C5B08E2222} = {A12E3BA7-97B1-453D-874A-231122CC36E1}
		{F959081D-E7A8-49A3-AF5F-D65222F66D5E} = {A12E3BA7-97B1-453D-874A-231122CC36E1}
		{078EBB86-3E18-4825-8F9C-6A2F1CF92DE5} = {A12E3BA7-97B1-453D-874A-231122CC36E1}
		{5697926F-1EFA-41D1-926D-5630764BE7AB} = {004489B4-6EED-4607-864E-782EF0461045}
		{46BA13B4-BD5E-4D63-B442-3C131C4B9AE0} = {A12E3BA7-97B1-453D-874A-231122CC36E1}
		{24C7532E-C1E5-4EA6-9843-3C1B2FD61B0E} = {A12E3BA7-97B1-453D-874A-231122CC36E1}
		{6959CA4A-06B8-4660-B3A0-953BF3090D76} = {A12E3BA7-97B1-453D-874A-231122CC36E1}
		{A12E3BA7-97B1-453D-874A-231122CC36E1} = {E4ADCDAD-EAEE-4A2B-BC4E-ABBF6D1ABC64}
		{50577855-4729-4B4B-B64C-A0AC7AADA021} = {E4ADCDAD-EAEE-4A2B-BC4E-ABBF6D1ABC64}
		{2BA28F40-3028-44F9-A053-88E9D1447051} = {50577855-4729-4B4B-B64C-A0AC7AADA021}
		{6A38C4F7-1448-49A6-9CEB-3D3B6AB4349F} = {2BA28F40-3028-44F9-A053-88E9D1447051}
	EndGlobalSection
	GlobalSection(ExtensibilityGlobals) = postSolution
		SolutionGuid = {33D3E907-EF4A-4DD8-8E9B-B98984ED8F95}
	EndGlobalSection
EndGlobal
